// !$*UTF8*$!
{
	archiveVersion = 1;
	classes = {
	};
	objectVersion = 46;
	objects = {

/* Begin PBXBuildFile section */
		FCD58CEE1C391F2300C35D29 /* main.m in Sources */ = {isa = PBXBuildFile; fileRef = FCD58CED1C391F2300C35D29 /* main.m */; };
		FCD58CF11C391F2300C35D29 /* AppDelegate.m in Sources */ = {isa = PBXBuildFile; fileRef = FCD58CF01C391F2300C35D29 /* AppDelegate.m */; };
		FCD58CF41C391F2300C35D29 /* ViewController.m in Sources */ = {isa = PBXBuildFile; fileRef = FCD58CF31C391F2300C35D29 /* ViewController.m */; };
		FCD58CF71C391F2300C35D29 /* Main.storyboard in Resources */ = {isa = PBXBuildFile; fileRef = FCD58CF51C391F2300C35D29 /* Main.storyboard */; };
		FCD58CF91C391F2300C35D29 /* Assets.xcassets in Resources */ = {isa = PBXBuildFile; fileRef = FCD58CF81C391F2300C35D29 /* Assets.xcassets */; };
		FCD58CFC1C391F2300C35D29 /* LaunchScreen.storyboard in Resources */ = {isa = PBXBuildFile; fileRef = FCD58CFA1C391F2300C35D29 /* LaunchScreen.storyboard */; };
/* End PBXBuildFile section */

/* Begin PBXFileReference section */
		FCD58CE91C391F2300C35D29 /* iOS - 下载字体.app */ = {isa = PBXFileReference; explicitFileType = wrapper.application; includeInIndex = 0; path = "iOS - 下载字体.app"; sourceTree = BUILT_PRODUCTS_DIR; };
		FCD58CED1C391F2300C35D29 /* main.m */ = {isa = PBXFileReference; lastKnownFileType = sourcecode.c.objc; path = main.m; sourceTree = "<group>"; };
		FCD58CEF1C391F2300C35D29 /* AppDelegate.h */ = {isa = PBXFileReference; lastKnownFileType = sourcecode.c.h; path = AppDelegate.h; sourceTree = "<group>"; };
		FCD58CF01C391F2300C35D29 /* AppDelegate.m */ = {isa = PBXFileReference; lastKnownFileType = sourcecode.c.objc; path = AppDelegate.m; sourceTree = "<group>"; };
		FCD58CF21C391F2300C35D29 /* ViewController.h */ = {isa = PBXFileReference; lastKnownFileType = sourcecode.c.h; path = ViewController.h; sourceTree = "<group>"; };
		FCD58CF31C391F2300C35D29 /* ViewController.m */ = {isa = PBXFileReference; lastKnownFileType = sourcecode.c.objc; path = ViewController.m; sourceTree = "<group>"; };
		FCD58CF61C391F2300C35D29 /* Base */ = {isa = PBXFileReference; lastKnownFileType = file.storyboard; name = Base; path = Base.lproj/Main.storyboard; sourceTree = "<group>"; };
		FCD58CF81C391F2300C35D29 /* Assets.xcassets */ = {isa = PBXFileReference; lastKnownFileType = folder.assetcatalog; path = Assets.xcassets; sourceTree = "<group>"; };
		FCD58CFB1C391F2300C35D29 /* Base */ = {isa = PBXFileReference; lastKnownFileType = file.storyboard; name = Base; path = Base.lproj/LaunchScreen.storyboard; sourceTree = "<group>"; };
		FCD58CFD1C391F2300C35D29 /* Info.plist */ = {isa = PBXFileReference; lastKnownFileType = text.plist.xml; path = Info.plist; sourceTree = "<group>"; };
/* End PBXFileReference section */

/* Begin PBXFrameworksBuildPhase section */
		FCD58CE61C391F2300C35D29 /* Frameworks */ = {
			isa = PBXFrameworksBuildPhase;
			buildActionMask = 2147483647;
			files = (
			);
			runOnlyForDeploymentPostprocessing = 0;
		};
/* End PBXFrameworksBuildPhase section */

/* Begin PBXGroup section */
		FCD58CE01C391F2300C35D29 = {
			isa = PBXGroup;
			children = (
				FCD58CEB1C391F2300C35D29 /* iOS - 下载字体 */,
				FCD58CEA1C391F2300C35D29 /* Products */,
			);
			sourceTree = "<group>";
		};
		FCD58CEA1C391F2300C35D29 /* Products */ = {
			isa = PBXGroup;
			children = (
				FCD58CE91C391F2300C35D29 /* iOS - 下载字体.app */,
			);
			name = Products;
			sourceTree = "<group>";
		};
		FCD58CEB1C391F2300C35D29 /* iOS - 下载字体 */ = {
			isa = PBXGroup;
			children = (
				FCD58CEF1C391F2300C35D29 /* AppDelegate.h */,
				FCD58CF01C391F2300C35D29 /* AppDelegate.m */,
				FCD58CF21C391F2300C35D29 /* ViewController.h */,
				FCD58CF31C391F2300C35D29 /* ViewController.m */,
				FCD58CF51C391F2300C35D29 /* Main.storyboard */,
				FCD58CF81C391F2300C35D29 /* Assets.xcassets */,
				FCD58CFA1C391F2300C35D29 /* LaunchScreen.storyboard */,
				FCD58CFD1C391F2300C35D29 /* Info.plist */,
				FCD58CEC1C391F2300C35D29 /* Supporting Files */,
			);
			path = "iOS - 下载字体";
			sourceTree = "<group>";
		};
		FCD58CEC1C391F2300C35D29 /* Supporting Files */ = {
			isa = PBXGroup;
			children = (
				FCD58CED1C391F2300C35D29 /* main.m */,
			);
			name = "Supporting Files";
			sourceTree = "<group>";
		};
/* End PBXGroup section */

/* Begin PBXNativeTarget section */
		FCD58CE81C391F2300C35D29 /* iOS - 下载字体 */ = {
			isa = PBXNativeTarget;
			buildConfigurationList = FCD58D001C391F2300C35D29 /* Build configuration list for PBXNativeTarget "iOS - 下载字体" */;
			buildPhases = (
				FCD58CE51C391F2300C35D29 /* Sources */,
				FCD58CE61C391F2300C35D29 /* Frameworks */,
				FCD58CE71C391F2300C35D29 /* Resources */,
			);
			buildRules = (
			);
			dependencies = (
			);
			name = "iOS - 下载字体";
			productName = "iOS - 下载字体";
			productReference = FCD58CE91C391F2300C35D29 /* iOS - 下载字体.app */;
			productType = "com.apple.product-type.application";
		};
/* End PBXNativeTarget section */

/* Begin PBXProject section */
		FCD58CE11C391F2300C35D29 /* Project object */ = {
			isa = PBXProject;
			attributes = {
				LastUpgradeCheck = 0710;
				ORGANIZATIONNAME = MENGCHEN;
				TargetAttributes = {
					FCD58CE81C391F2300C35D29 = {
						CreatedOnToolsVersion = 7.1;
					};
				};
			};
			buildConfigurationList = FCD58CE41C391F2300C35D29 /* Build configuration list for PBXProject "iOS - 下载字体" */;
			compatibilityVersion = "Xcode 3.2";
			developmentRegion = English;
			hasScannedForEncodings = 0;
			knownRegions = (
				en,
				Base,
			);
			mainGroup = FCD58CE01C391F2300C35D29;
			productRefGroup = FCD58CEA1C391F2300C35D29 /* Products */;
			projectDirPath = "";
			projectRoot = "";
			targets = (
				FCD58CE81C391F2300C35D29 /* iOS - 下载字体 */,
			);
		};
/* End PBXProject section */

/* Begin PBXResourcesBuildPhase section */
		FCD58CE71C391F2300C35D29 /* Resources */ = {
			isa = PBXResourcesBuildPhase;
			buildActionMask = 2147483647;
			files = (
				FCD58CFC1C391F2300C35D29 /* LaunchScreen.storyboard in Resources */,
				FCD58CF91C391F2300C35D29 /* Assets.xcassets in Resources */,
				FCD58CF71C391F2300C35D29 /* Main.storyboard in Resources */,
			);
			runOnlyForDeploymentPostprocessing = 0;
		};
/* End PBXResourcesBuildPhase section */

/* Begin PBXSourcesBuildPhase section */
		FCD58CE51C391F2300C35D29 /* Sources */ = {
			isa = PBXSourcesBuildPhase;
			buildActionMask = 2147483647;
			files = (
				FCD58CF41C391F2300C35D29 /* ViewController.m in Sources */,
				FCD58CF11C391F2300C35D29 /* AppDelegate.m in Sources */,
				FCD58CEE1C391F2300C35D29 /* main.m in Sources */,
			);
			runOnlyForDeploymentPostprocessing = 0;
		};
/* End PBXSourcesBuildPhase section */

/* Begin PBXVariantGroup section */
		FCD58CF51C391F2300C35D29 /* Main.storyboard */ = {
			isa = PBXVariantGroup;
			children = (
				FCD58CF61C391F2300C35D29 /* Base */,
			);
			name = Main.storyboard;
			sourceTree = "<group>";
		};
		FCD58CFA1C391F2300C35D29 /* LaunchScreen.storyboard */ = {
			isa = PBXVariantGroup;
			children = (
				FCD58CFB1C391F2300C35D29 /* Base */,
			);
			name = LaunchScreen.storyboard;
			sourceTree = "<group>";
		};
/* End PBXVariantGroup section */

/* Begin XCBuildConfiguration section */
		FCD58CFE1C391F2300C35D29 /* Debug */ = {
			isa = XCBuildConfiguration;
			buildSettings = {
				ALWAYS_SEARCH_USER_PATHS = NO;
				CLANG_CXX_LANGUAGE_STANDARD = "gnu++0x";
				CLANG_CXX_LIBRARY = "libc++";
				CLANG_ENABLE_MODULES = YES;
				CLANG_ENABLE_OBJC_ARC = YES;
				CLANG_WARN_BOOL_CONVERSION = YES;
				CLANG_WARN_CONSTANT_CONVERSION = YES;
				CLANG_WARN_DIRECT_OBJC_ISA_USAGE = YES_ERROR;
				CLANG_WARN_EMPTY_BODY = YES;
				CLANG_WARN_ENUM_CONVERSION = YES;
				CLANG_WARN_INT_CONVERSION = YES;
				CLANG_WARN_OBJC_ROOT_CLASS = YES_ERROR;
				CLANG_WARN_UNREACHABLE_CODE = YES;
				CLANG_WARN__DUPLICATE_METHOD_MATCH = YES;
				"CODE_SIGN_IDENTITY[sdk=iphoneos*]" = "iPhone Developer";
				COPY_PHASE_STRIP = NO;
				DEBUG_INFORMATION_FORMAT = dwarf;
				ENABLE_STRICT_OBJC_MSGSEND = YES;
				ENABLE_TESTABILITY = YES;
				GCC_C_LANGUAGE_STANDARD = gnu99;
				GCC_DYNAMIC_NO_PIC = NO;
				GCC_NO_COMMON_BLOCKS = YES;
				GCC_OPTIMIZATION_LEVEL = 0;
				GCC_PREPROCESSOR_DEFINITIONS = (
					"DEBUG=1",
					"$(inherited)",
				);
				GCC_WARN_64_TO_32_BIT_CONVERSION = YES;
				GCC_WARN_ABOUT_RETURN_TYPE = YES_ERROR;
				GCC_WARN_UNDECLARED_SELECTOR = YES;
				GCC_WARN_UNINITIALIZED_AUTOS = YES_AGGRESSIVE;
				GCC_WARN_UNUSED_FUNCTION = YES;
				GCC_WARN_UNUSED_VARIABLE = YES;
				IPHONEOS_DEPLOYMENT_TARGET = 9.1;
				MTL_ENABLE_DEBUG_INFO = YES;
				ONLY_ACTIVE_ARCH = YES;
				SDKROOT = iphoneos;
			};
			name = Debug;
		};
		FCD58CFF1C391F2300C35D29 /* Release */ = {
			isa = XCBuildConfiguration;
			buildSettings = {
				ALWAYS_SEARCH_USER_PATHS = NO;
				CLANG_CXX_LANGUAGE_STANDARD = "gnu++0x";
				CLANG_CXX_LIBRARY = "libc++";
				CLANG_ENABLE_MODULES = YES;
				CLANG_ENABLE_OBJC_ARC = YES;
				CLANG_WARN_BOOL_CONVERSION = YES;
				CLANG_WARN_CONSTANT_CONVERSION = YES;
				CLANG_WARN_DIRECT_OBJC_ISA_USAGE = YES_ERROR;
				CLANG_WARN_EMPTY_BODY = YES;
				CLANG_WARN_ENUM_CONVERSION = YES;
				CLANG_WARN_INT_CONVERSION = YES;
				CLANG_WARN_OBJC_ROOT_CLASS = YES_ERROR;
				CLANG_WARN_UNREACHABLE_CODE = YES;
				CLANG_WARN__DUPLICATE_METHOD_MATCH = YES;
				"CODE_SIGN_IDENTITY[sdk=iphoneos*]" = "iPhone Developer";
				COPY_PHASE_STRIP = NO;
				DEBUG_INFORMATION_FORMAT = "dwarf-with-dsym";
				ENABLE_NS_ASSERTIONS = NO;
				ENABLE_STRICT_OBJC_MSGSEND = YES;
				GCC_C_LANGUAGE_STANDARD = gnu99;
				GCC_NO_COMMON_BLOCKS = YES;
				GCC_WARN_64_TO_32_BIT_CONVERSION = YES;
				GCC_WARN_ABOUT_RETURN_TYPE = YES_ERROR;
				GCC_WARN_UNDECLARED_SELECTOR = YES;
				GCC_WARN_UNINITIALIZED_AUTOS = YES_AGGRESSIVE;
				GCC_WARN_UNUSED_FUNCTION = YES;
				GCC_WARN_UNUSED_VARIABLE = YES;
				IPHONEOS_DEPLOYMENT_TARGET = 9.1;
				MTL_ENABLE_DEBUG_INFO = NO;
				SDKROOT = iphoneos;
				VALIDATE_PRODUCT = YES;
			};
			name = Release;
		};
		FCD58D011C391F2300C35D29 /* Debug */ = {
			isa = XCBuildConfiguration;
			buildSettings = {
				ASSETCATALOG_COMPILER_APPICON_NAME = AppIcon;
				INFOPLIST_FILE = "iOS - 下载字体/Info.plist";
				LD_RUNPATH_SEARCH_PATHS = "$(inherited) @executable_path/Frameworks";
				PRODUCT_BUNDLE_IDENTIFIER = "Mcking.iOS-------";
				PRODUCT_NAME = "$(TARGET_NAME)";
			};
			name = Debug;
		};
		FCD58D021C391F2300C35D29 /* Release */ = {
			isa = XCBuildConfiguration;
			buildSettings = {
				ASSETCATALOG_COMPILER_APPICON_NAME = AppIcon;
				INFOPLIST_FILE = "iOS - 下载字体/Info.plist";
				LD_RUNPATH_SEARCH_PATHS = "$(inherited) @executable_path/Frameworks";
				PRODUCT_BUNDLE_IDENTIFIER = "Mcking.iOS-------";
				PRODUCT_NAME = "$(TARGET_NAME)";
			};
			name = Release;
		};
/* End XCBuildConfiguration section */

/* Begin XCConfigurationList section */
		FCD58CE41C391F2300C35D29 /* Build configuration list for PBXProject "iOS - 下载字体" */ = {
			isa = XCConfigurationList;
			buildConfigurations = (
				FCD58CFE1C391F2300C35D29 /* Debug */,
				FCD58CFF1C391F2300C35D29 /* Release */,
			);
			defaultConfigurationIsVisible = 0;
			defaultConfigurationName = Release;
		};
		FCD58D001C391F2300C35D29 /* Build configuration list for PBXNativeTarget "iOS - 下载字体" */ = {
			isa = XCConfigurationList;
			buildConfigurations = (
				FCD58D011C391F2300C35D29 /* Debug */,
				FCD58D021C391F2300C35D29 /* Release */,
			);
			defaultConfigurationIsVisible = 0;
		};
/* End XCConfigurationList section */
	};
	rootObject = FCD58CE11C391F2300C35D29 /* Project object */;
}
